# This file is automatically @generated by Cargo.
# It is not intended for manual editing.
version = 4

[[package]]
name = "codex-core"
version = "0.1.0"

[[package]]
name = "codex-ollama"
version = "0.1.0"

[[package]]
name = "codex-redis"
version = "0.1.0"

[[package]]
name = "codex-redis-vector"
version = "0.1.0"

[[package]]
name = "codex-server"
version = "0.1.0"
